{
  "originHash" : "192471ad1f5cfb1f803ec0ea7da5c3fd4e147430385b698346f499c75cb556f7",
  "pins" : [
    {
      "identity" : "dsl",
      "kind" : "remoteSourceControl",
      "location" : "https://github.com/leviouwendijk/DSL.git",
      "state" : {
        "branch" : "master",
        "revision" : "30ec6798f883b91f697d060bb001e0e4f7a09225"
      }
    },
    {
      "identity" : "primitives",
      "kind" : "remoteSourceControl",
      "location" : "https://github.com/leviouwendijk/Primitives.git",
      "state" : {
        "branch" : "master",
        "revision" : "03f80f4df2eab71c69de01e5b0e43f786c8abaad"
      }
    }
  ],
  "version" : 3
}
